
Microsoft Visual Studio Solution File, Format Version 12.00
# Visual Studio Version 17
VisualStudioVersion = 17.6.33829.357
MinimumVisualStudioVersion = 10.0.40219.1
Project("{FAE04EC0-301F-11D3-BF4B-00C04F79EFBC}") = "ControlAdmin_BGG.Android", "ControlAdmin_BGG\ControlAdmin_BGG.Android\ControlAdmin_BGG.Android.csproj", "{49B4A40F-872D-474A-91D7-84AC2287041E}"
EndProject
Project("{FAE04EC0-301F-11D3-BF4B-00C04F79EFBC}") = "ControlAdmin_BGG", "ControlAdmin_BGG\ControlAdmin_BGG\ControlAdmin_BGG.csproj", "{6CB042A2-41B4-4BBA-B82E-DE7AC62F92A2}"
EndProject
Global
	GlobalSection(SolutionConfigurationPlatforms) = preSolution
		Debug|Any CPU = Debug|Any CPU
		Release|Any CPU = Release|Any CPU
	EndGlobalSection
	GlobalSection(ProjectConfigurationPlatforms) = postSolution
		{49B4A40F-872D-474A-91D7-84AC2287041E}.Debug|Any CPU.ActiveCfg = Debug|Any CPU
		{49B4A40F-872D-474A-91D7-84AC2287041E}.Debug|Any CPU.Build.0 = Debug|Any CPU
		{49B4A40F-872D-474A-91D7-84AC2287041E}.Debug|Any CPU.Deploy.0 = Debug|Any CPU
		{49B4A40F-872D-474A-91D7-84AC2287041E}.Release|Any CPU.ActiveCfg = Release|Any CPU
		{49B4A40F-872D-474A-91D7-84AC2287041E}.Release|Any CPU.Build.0 = Release|Any CPU
		{49B4A40F-872D-474A-91D7-84AC2287041E}.Release|Any CPU.Deploy.0 = Release|Any CPU
		{6CB042A2-41B4-4BBA-B82E-DE7AC62F92A2}.Debug|Any CPU.ActiveCfg = Debug|Any CPU
		{6CB042A2-41B4-4BBA-B82E-DE7AC62F92A2}.Debug|Any CPU.Build.0 = Debug|Any CPU
		{6CB042A2-41B4-4BBA-B82E-DE7AC62F92A2}.Release|Any CPU.ActiveCfg = Release|Any CPU
		{6CB042A2-41B4-4BBA-B82E-DE7AC62F92A2}.Release|Any CPU.Build.0 = Release|Any CPU
	EndGlobalSection
	GlobalSection(SolutionProperties) = preSolution
		HideSolutionNode = FALSE
	EndGlobalSection
	GlobalSection(ExtensibilityGlobals) = postSolution
		SolutionGuid = {5D386CE9-3CF2-4566-B5C7-2472D5BE7B9F}
	EndGlobalSection
EndGlobal
